
Microsoft Visual Studio Solution File, Format Version 12.00
# Visual Studio 15
Project("{FAE04EC0-301F-11D3-BF4B-00C04F79EFBC}") = "EnoxSoftware.OpenCVForUnity", "EnoxSoftware.OpenCVForUnity.csproj", "{280B3B4B-E2DD-7167-EB2B-FF56C7768801}"
EndProject
Project("{FAE04EC0-301F-11D3-BF4B-00C04F79EFBC}") = "EnoxSoftware.OpenCVForUnity.Editor", "EnoxSoftware.OpenCVForUnity.Editor.csproj", "{CD904932-2D5C-0ADC-83BE-181085EB8FD9}"
EndProject
Global
	GlobalSection(SolutionConfigurationPlatforms) = preSolution
		Debug|Any CPU = Debug|Any CPU
		Release|Any CPU = Release|Any CPU
	EndGlobalSection
	GlobalSection(ProjectConfigurationPlatforms) = postSolution
		{280B3B4B-E2DD-7167-EB2B-FF56C7768801}.Debug|Any CPU.ActiveCfg = Debug|Any CPU
		{280B3B4B-E2DD-7167-EB2B-FF56C7768801}.Debug|Any CPU.Build.0 = Debug|Any CPU
		{280B3B4B-E2DD-7167-EB2B-FF56C7768801}.Release|Any CPU.ActiveCfg = Release|Any CPU
		{280B3B4B-E2DD-7167-EB2B-FF56C7768801}.Release|Any CPU.Build.0 = Release|Any CPU
		{CD904932-2D5C-0ADC-83BE-181085EB8FD9}.Debug|Any CPU.ActiveCfg = Debug|Any CPU
		{CD904932-2D5C-0ADC-83BE-181085EB8FD9}.Debug|Any CPU.Build.0 = Debug|Any CPU
		{CD904932-2D5C-0ADC-83BE-181085EB8FD9}.Release|Any CPU.ActiveCfg = Release|Any CPU
		{CD904932-2D5C-0ADC-83BE-181085EB8FD9}.Release|Any CPU.Build.0 = Release|Any CPU
	EndGlobalSection
	GlobalSection(SolutionProperties) = preSolution
		HideSolutionNode = FALSE
	EndGlobalSection
EndGlobal
